PODS:
  - WechatOpenSDK-XCFramework (2.0.4)

DEPENDENCIES:
  - WechatOpenSDK-XCFramework (~> 2.0.4)

SPEC REPOS:
  trunk:
    - WechatOpenSDK-XCFramework

SPEC CHECKSUMS:
  WechatOpenSDK-XCFramework: 36fb2bea0754266c17184adf4963d7e6ff98b69f

PODFILE CHECKSUM: f9106fb75a79b60d54e52886b92ff442352962b9

COCOAPODS: 1.15.2
