PODS:
  - WechatOpenSDK-XCFramework (2.0.4)

DEPENDENCIES:
  - WechatOpenSDK-XCFramework (~> 2.0.4)

SPEC REPOS:
  trunk:
    - WechatOpenSDK-XCFramework

SPEC CHECKSUMS:
  WechatOpenSDK-XCFramework: 36fb2bea0754266c17184adf4963d7e6ff98b69f

PODFILE CHECKSUM: e1ecb462e309f38c295dc3998a2117a65929032c

COCOAPODS: 1.15.2
