PODS:
  - WechatOpenSDK-XCFramework (2.0.4)

DEPENDENCIES:
  - WechatOpenSDK-XCFramework (~> 2.0.4)

SPEC REPOS:
  trunk:
    - WechatOpenSDK-XCFramework

SPEC CHECKSUMS:
  WechatOpenSDK-XCFramework: 36fb2bea0754266c17184adf4963d7e6ff98b69f

PODFILE CHECKSUM: 7d11734a533ebbd26f6b9b738d5b2ce7020c6604

COCOAPODS: 1.16.2
