// !$*UTF8*$!
{
	archiveVersion = 1;
	classes = {
	};
	objectVersion = 46;
	objects = {

/* Begin PBXBuildFile section */
		775FF72A2603649500B81ECD /* Biometric.swift in Sources */ = {isa = PBXBuildFile; fileRef = 775FF7292603649500B81ECD /* Biometric.swift */; };
		775FF73426047C7700B81ECD /* DeviceInfo.swift in Sources */ = {isa = PBXBuildFile; fileRef = 775FF73326047C7700B81ECD /* DeviceInfo.swift */; };
		95E67335299F652100C9466C /* AuthgearExperimental.swift in Sources */ = {isa = PBXBuildFile; fileRef = 95E67332299F652000C9466C /* AuthgearExperimental.swift */; };
		A652CEAE2A812CA9006E789F /* App2AppOptions.swift in Sources */ = {isa = PBXBuildFile; fileRef = A652CEAD2A812CA9006E789F /* App2AppOptions.swift */; };
		A652CEB32A8131BF006E789F /* App2App.swift in Sources */ = {isa = PBXBuildFile; fileRef = A652CEB22A8131BF006E789F /* App2App.swift */; };
		A652CEB72A822753006E789F /* App2AppAuthenticationOptions.swift in Sources */ = {isa = PBXBuildFile; fileRef = A652CEB62A822753006E789F /* App2AppAuthenticationOptions.swift */; };
		A652CEB92A8227C2006E789F /* App2AppAuthenticateRequest.swift in Sources */ = {isa = PBXBuildFile; fileRef = A652CEB82A8227C2006E789F /* App2AppAuthenticateRequest.swift */; };
		A652CEBB2A822D19006E789F /* Dictionary+encodeAsQuery.swift in Sources */ = {isa = PBXBuildFile; fileRef = A652CEBA2A822D19006E789F /* Dictionary+encodeAsQuery.swift */; };
		A652CEE72A84DE72006E789F /* ASN1DERParsing.swift in Sources */ = {isa = PBXBuildFile; fileRef = A652CEE62A84DE72006E789F /* ASN1DERParsing.swift */; };
		A652CEFA2A8A2C8F006E789F /* Asn1IntegerConversion.swift in Sources */ = {isa = PBXBuildFile; fileRef = A652CEF92A8A2C8F006E789F /* Asn1IntegerConversion.swift */; };
		A68DAD2229AF686000487DAF /* UILocales.swift in Sources */ = {isa = PBXBuildFile; fileRef = A68DAD1F29AF686000487DAF /* UILocales.swift */; };
		A68DAD2929AF688E00487DAF /* String+encodeAsQueryComponent.swift in Sources */ = {isa = PBXBuildFile; fileRef = A68DAD2629AF688E00487DAF /* String+encodeAsQueryComponent.swift */; };
		A6FCB0A52AF37E4300DAC260 /* URL+origin.swift in Sources */ = {isa = PBXBuildFile; fileRef = A6FCB0A42AF37E4300DAC260 /* URL+origin.swift */; };
		F83392EF24FC344D00A69D3C /* Storage.swift in Sources */ = {isa = PBXBuildFile; fileRef = F83392EE24FC344D00A69D3C /* Storage.swift */; };
		F83392F124FDA87900A69D3C /* AuthgearError.swift in Sources */ = {isa = PBXBuildFile; fileRef = F83392F024FDA87900A69D3C /* AuthgearError.swift */; };
		F83392F324FE38FE00A69D3C /* URLComponents+QueryParames.swift in Sources */ = {isa = PBXBuildFile; fileRef = F83392F224FE38FE00A69D3C /* URLComponents+QueryParames.swift */; };
		F83D84A824F64D0E00B4393C /* Authgear.swift in Sources */ = {isa = PBXBuildFile; fileRef = F83D84A724F64D0E00B4393C /* Authgear.swift */; };
		F83D84AA24F66C5100B4393C /* OIDCConfiguration.swift in Sources */ = {isa = PBXBuildFile; fileRef = F83D84A924F66C5100B4393C /* OIDCConfiguration.swift */; };
		F83D84AC24F66D3400B4393C /* APIClient.swift in Sources */ = {isa = PBXBuildFile; fileRef = F83D84AB24F66D3400B4393C /* APIClient.swift */; };
		F83D84AE24F6A93600B4393C /* CodeVerifier.swift in Sources */ = {isa = PBXBuildFile; fileRef = F83D84AD24F6A93600B4393C /* CodeVerifier.swift */; };
		F83D84B024F860AA00B4393C /* AuthenticationSession.swift in Sources */ = {isa = PBXBuildFile; fileRef = F83D84AF24F860AA00B4393C /* AuthenticationSession.swift */; };
		F8A657A32501845D0027888F /* Decodable+Any.swift in Sources */ = {isa = PBXBuildFile; fileRef = F8A657A22501845D0027888F /* Decodable+Any.swift */; };
		F8A657A52501D31E0027888F /* JWK.swift in Sources */ = {isa = PBXBuildFile; fileRef = F8A657A42501D31E0027888F /* JWK.swift */; };
		F8A657A7250551ED0027888F /* JWT.swift in Sources */ = {isa = PBXBuildFile; fileRef = F8A657A6250551ED0027888F /* JWT.swift */; };
		F8A657A925055A7C0027888F /* Base64.swift in Sources */ = {isa = PBXBuildFile; fileRef = F8A657A825055A7C0027888F /* Base64.swift */; };
		OBJ_41 /* AuthgearTests.swift in Sources */ = {isa = PBXBuildFile; fileRef = OBJ_11 /* AuthgearTests.swift */; };
		OBJ_42 /* XCTestManifests.swift in Sources */ = {isa = PBXBuildFile; fileRef = OBJ_12 /* XCTestManifests.swift */; };
		OBJ_44 /* Authgear.framework in Frameworks */ = {isa = PBXBuildFile; fileRef = "Authgear::Authgear::Product" /* Authgear.framework */; };
/* End PBXBuildFile section */

/* Begin PBXContainerItemProxy section */
		CC20D6F425BAA3C400E579DD /* PBXContainerItemProxy */ = {
			isa = PBXContainerItemProxy;
			containerPortal = CC20D6F025BAA3C400E579DD /* Pods.xcodeproj */;
			proxyType = 2;
			remoteGlobalIDString = 7D6BC0100211DDE0A6945B014AFC879D;
			remoteInfo = "Pods-ios_example";
		};
		F89AEF5124F5786700CF5F57 /* PBXContainerItemProxy */ = {
			isa = PBXContainerItemProxy;
			containerPortal = OBJ_1 /* Project object */;
			proxyType = 1;
			remoteGlobalIDString = "Authgear::Authgear";
			remoteInfo = Authgear;
		};
/* End PBXContainerItemProxy section */

/* Begin PBXFileReference section */
		775FF7292603649500B81ECD /* Biometric.swift */ = {isa = PBXFileReference; lastKnownFileType = sourcecode.swift; path = Biometric.swift; sourceTree = "<group>"; };
		775FF73326047C7700B81ECD /* DeviceInfo.swift */ = {isa = PBXFileReference; lastKnownFileType = sourcecode.swift; path = DeviceInfo.swift; sourceTree = "<group>"; };
		95E67332299F652000C9466C /* AuthgearExperimental.swift */ = {isa = PBXFileReference; fileEncoding = 4; lastKnownFileType = sourcecode.swift; path = AuthgearExperimental.swift; sourceTree = "<group>"; };
		A652CEAD2A812CA9006E789F /* App2AppOptions.swift */ = {isa = PBXFileReference; lastKnownFileType = sourcecode.swift; path = App2AppOptions.swift; sourceTree = "<group>"; };
		A652CEB22A8131BF006E789F /* App2App.swift */ = {isa = PBXFileReference; lastKnownFileType = sourcecode.swift; path = App2App.swift; sourceTree = "<group>"; };
		A652CEB62A822753006E789F /* App2AppAuthenticationOptions.swift */ = {isa = PBXFileReference; lastKnownFileType = sourcecode.swift; path = App2AppAuthenticationOptions.swift; sourceTree = "<group>"; };
		A652CEB82A8227C2006E789F /* App2AppAuthenticateRequest.swift */ = {isa = PBXFileReference; lastKnownFileType = sourcecode.swift; path = App2AppAuthenticateRequest.swift; sourceTree = "<group>"; };
		A652CEBA2A822D19006E789F /* Dictionary+encodeAsQuery.swift */ = {isa = PBXFileReference; lastKnownFileType = sourcecode.swift; path = "Dictionary+encodeAsQuery.swift"; sourceTree = "<group>"; };
		A652CEE62A84DE72006E789F /* ASN1DERParsing.swift */ = {isa = PBXFileReference; lastKnownFileType = sourcecode.swift; path = ASN1DERParsing.swift; sourceTree = "<group>"; };
		A652CEF92A8A2C8F006E789F /* Asn1IntegerConversion.swift */ = {isa = PBXFileReference; lastKnownFileType = sourcecode.swift; path = Asn1IntegerConversion.swift; sourceTree = "<group>"; };
		A68DAD1F29AF686000487DAF /* UILocales.swift */ = {isa = PBXFileReference; fileEncoding = 4; lastKnownFileType = sourcecode.swift; path = UILocales.swift; sourceTree = "<group>"; };
		A68DAD2629AF688E00487DAF /* String+encodeAsQueryComponent.swift */ = {isa = PBXFileReference; fileEncoding = 4; lastKnownFileType = sourcecode.swift; path = "String+encodeAsQueryComponent.swift"; sourceTree = "<group>"; };
		A6FCB0A42AF37E4300DAC260 /* URL+origin.swift */ = {isa = PBXFileReference; lastKnownFileType = sourcecode.swift; path = "URL+origin.swift"; sourceTree = "<group>"; };
		"Authgear::Authgear::Product" /* Authgear.framework */ = {isa = PBXFileReference; explicitFileType = wrapper.framework; path = Authgear.framework; sourceTree = BUILT_PRODUCTS_DIR; };
		"Authgear::AuthgearTests::Product" /* Authgear-iOS Tests.xctest */ = {isa = PBXFileReference; explicitFileType = wrapper.cfbundle; path = "Authgear-iOS Tests.xctest"; sourceTree = BUILT_PRODUCTS_DIR; };
		CC20D6F025BAA3C400E579DD /* Pods.xcodeproj */ = {isa = PBXFileReference; lastKnownFileType = "wrapper.pb-project"; name = Pods.xcodeproj; path = example/Pods/Pods.xcodeproj; sourceTree = "<group>"; };
		F83392EE24FC344D00A69D3C /* Storage.swift */ = {isa = PBXFileReference; lastKnownFileType = sourcecode.swift; path = Storage.swift; sourceTree = "<group>"; };
		F83392F024FDA87900A69D3C /* AuthgearError.swift */ = {isa = PBXFileReference; lastKnownFileType = sourcecode.swift; path = AuthgearError.swift; sourceTree = "<group>"; };
		F83392F224FE38FE00A69D3C /* URLComponents+QueryParames.swift */ = {isa = PBXFileReference; lastKnownFileType = sourcecode.swift; path = "URLComponents+QueryParames.swift"; sourceTree = "<group>"; };
		F83D84A724F64D0E00B4393C /* Authgear.swift */ = {isa = PBXFileReference; lastKnownFileType = sourcecode.swift; path = Authgear.swift; sourceTree = "<group>"; };
		F83D84A924F66C5100B4393C /* OIDCConfiguration.swift */ = {isa = PBXFileReference; lastKnownFileType = sourcecode.swift; path = OIDCConfiguration.swift; sourceTree = "<group>"; };
		F83D84AB24F66D3400B4393C /* APIClient.swift */ = {isa = PBXFileReference; lastKnownFileType = sourcecode.swift; path = APIClient.swift; sourceTree = "<group>"; };
		F83D84AD24F6A93600B4393C /* CodeVerifier.swift */ = {isa = PBXFileReference; lastKnownFileType = sourcecode.swift; path = CodeVerifier.swift; sourceTree = "<group>"; };
		F83D84AF24F860AA00B4393C /* AuthenticationSession.swift */ = {isa = PBXFileReference; lastKnownFileType = sourcecode.swift; path = AuthenticationSession.swift; sourceTree = "<group>"; };
		F8A657A22501845D0027888F /* Decodable+Any.swift */ = {isa = PBXFileReference; lastKnownFileType = sourcecode.swift; path = "Decodable+Any.swift"; sourceTree = "<group>"; };
		F8A657A42501D31E0027888F /* JWK.swift */ = {isa = PBXFileReference; lastKnownFileType = sourcecode.swift; path = JWK.swift; sourceTree = "<group>"; };
		F8A657A6250551ED0027888F /* JWT.swift */ = {isa = PBXFileReference; lastKnownFileType = sourcecode.swift; path = JWT.swift; sourceTree = "<group>"; };
		F8A657A825055A7C0027888F /* Base64.swift */ = {isa = PBXFileReference; lastKnownFileType = sourcecode.swift; path = Base64.swift; sourceTree = "<group>"; };
		OBJ_11 /* AuthgearTests.swift */ = {isa = PBXFileReference; lastKnownFileType = sourcecode.swift; path = AuthgearTests.swift; sourceTree = "<group>"; };
		OBJ_12 /* XCTestManifests.swift */ = {isa = PBXFileReference; lastKnownFileType = sourcecode.swift; path = XCTestManifests.swift; sourceTree = "<group>"; };
		OBJ_17 /* README.md */ = {isa = PBXFileReference; lastKnownFileType = net.daringfireball.markdown; path = README.md; sourceTree = "<group>"; };
		OBJ_6 /* Package.swift */ = {isa = PBXFileReference; explicitFileType = sourcecode.swift; path = Package.swift; sourceTree = "<group>"; };
/* End PBXFileReference section */

/* Begin PBXFrameworksBuildPhase section */
		OBJ_24 /* Frameworks */ = {
			isa = PBXFrameworksBuildPhase;
			buildActionMask = 0;
			files = (
			);
			runOnlyForDeploymentPostprocessing = 0;
		};
		OBJ_43 /* Frameworks */ = {
			isa = PBXFrameworksBuildPhase;
			buildActionMask = 0;
			files = (
				OBJ_44 /* Authgear.framework in Frameworks */,
			);
			runOnlyForDeploymentPostprocessing = 0;
		};
/* End PBXFrameworksBuildPhase section */

/* Begin PBXGroup section */
		A652CEAA2A812C94006E789F /* app2app */ = {
			isa = PBXGroup;
			children = (
				A652CEAD2A812CA9006E789F /* App2AppOptions.swift */,
				A652CEB22A8131BF006E789F /* App2App.swift */,
				A652CEB62A822753006E789F /* App2AppAuthenticationOptions.swift */,
				A652CEB82A8227C2006E789F /* App2AppAuthenticateRequest.swift */,
			);
			path = app2app;
			sourceTree = "<group>";
		};
		CC20D6F125BAA3C400E579DD /* Products */ = {
			isa = PBXGroup;
			children = (
				CC20D6F525BAA3C400E579DD /* Pods-ios_example */,
			);
			name = Products;
			sourceTree = "<group>";
		};
		OBJ_10 /* AuthgearTests */ = {
			isa = PBXGroup;
			children = (
				OBJ_11 /* AuthgearTests.swift */,
				OBJ_12 /* XCTestManifests.swift */,
			);
			name = AuthgearTests;
			path = Tests/AuthgearTests;
			sourceTree = SOURCE_ROOT;
		};
		OBJ_13 /* Products */ = {
			isa = PBXGroup;
			children = (
				"Authgear::Authgear::Product" /* Authgear.framework */,
				"Authgear::AuthgearTests::Product" /* Authgear-iOS Tests.xctest */,
			);
			name = Products;
			sourceTree = BUILT_PRODUCTS_DIR;
		};
		OBJ_5 = {
			isa = PBXGroup;
			children = (
				CC20D6F025BAA3C400E579DD /* Pods.xcodeproj */,
				OBJ_6 /* Package.swift */,
				OBJ_7 /* Sources */,
				OBJ_9 /* Tests */,
				OBJ_13 /* Products */,
				OBJ_17 /* README.md */,
			);
			sourceTree = "<group>";
		};
		OBJ_7 /* Sources */ = {
			isa = PBXGroup;
			children = (
				A652CEAA2A812C94006E789F /* app2app */,
				F83D84AB24F66D3400B4393C /* APIClient.swift */,
				F83D84A724F64D0E00B4393C /* Authgear.swift */,
				95E67332299F652000C9466C /* AuthgearExperimental.swift */,
				F83D84AF24F860AA00B4393C /* AuthenticationSession.swift */,
				F83D84A924F66C5100B4393C /* OIDCConfiguration.swift */,
				F83D84AD24F6A93600B4393C /* CodeVerifier.swift */,
				F83392EE24FC344D00A69D3C /* Storage.swift */,
				F83392F024FDA87900A69D3C /* AuthgearError.swift */,
				F83392F224FE38FE00A69D3C /* URLComponents+QueryParames.swift */,
				F8A657A22501845D0027888F /* Decodable+Any.swift */,
				775FF73326047C7700B81ECD /* DeviceInfo.swift */,
				F8A657A42501D31E0027888F /* JWK.swift */,
				775FF7292603649500B81ECD /* Biometric.swift */,
				F8A657A6250551ED0027888F /* JWT.swift */,
				A652CEE62A84DE72006E789F /* ASN1DERParsing.swift */,
				A652CEF92A8A2C8F006E789F /* Asn1IntegerConversion.swift */,
				F8A657A825055A7C0027888F /* Base64.swift */,
				A652CEBA2A822D19006E789F /* Dictionary+encodeAsQuery.swift */,
				A68DAD2629AF688E00487DAF /* String+encodeAsQueryComponent.swift */,
				A6FCB0A42AF37E4300DAC260 /* URL+origin.swift */,
				A68DAD1F29AF686000487DAF /* UILocales.swift */,
			);
			path = Sources;
			sourceTree = SOURCE_ROOT;
		};
		OBJ_9 /* Tests */ = {
			isa = PBXGroup;
			children = (
				OBJ_10 /* AuthgearTests */,
			);
			name = Tests;
			sourceTree = SOURCE_ROOT;
		};
/* End PBXGroup section */

/* Begin PBXNativeTarget section */
		"Authgear::Authgear" /* Authgear-iOS */ = {
			isa = PBXNativeTarget;
			buildConfigurationList = OBJ_19 /* Build configuration list for PBXNativeTarget "Authgear-iOS" */;
			buildPhases = (
				OBJ_22 /* Sources */,
				OBJ_24 /* Frameworks */,
			);
			buildRules = (
			);
			dependencies = (
			);
			name = "Authgear-iOS";
			productName = Authgear;
			productReference = "Authgear::Authgear::Product" /* Authgear.framework */;
			productType = "com.apple.product-type.framework";
		};
		"Authgear::AuthgearTests" /* Authgear-iOS Tests */ = {
			isa = PBXNativeTarget;
			buildConfigurationList = OBJ_37 /* Build configuration list for PBXNativeTarget "Authgear-iOS Tests" */;
			buildPhases = (
				OBJ_40 /* Sources */,
				OBJ_43 /* Frameworks */,
			);
			buildRules = (
			);
			dependencies = (
				OBJ_45 /* PBXTargetDependency */,
			);
			name = "Authgear-iOS Tests";
			productName = AuthgearTests;
			productReference = "Authgear::AuthgearTests::Product" /* Authgear-iOS Tests.xctest */;
			productType = "com.apple.product-type.bundle.unit-test";
		};
/* End PBXNativeTarget section */

/* Begin PBXProject section */
		OBJ_1 /* Project object */ = {
			isa = PBXProject;
			attributes = {
				LastSwiftMigration = 9999;
				LastUpgradeCheck = 9999;
			};
			buildConfigurationList = OBJ_2 /* Build configuration list for PBXProject "Authgear" */;
			compatibilityVersion = "Xcode 3.2";
			developmentRegion = en;
			hasScannedForEncodings = 0;
			knownRegions = (
				en,
			);
			mainGroup = OBJ_5;
			productRefGroup = OBJ_13 /* Products */;
			projectDirPath = "";
			projectReferences = (
				{
					ProductGroup = CC20D6F125BAA3C400E579DD /* Products */;
					ProjectRef = CC20D6F025BAA3C400E579DD /* Pods.xcodeproj */;
				},
			);
			projectRoot = "";
			targets = (
				"Authgear::Authgear" /* Authgear-iOS */,
				"Authgear::AuthgearTests" /* Authgear-iOS Tests */,
			);
		};
/* End PBXProject section */

/* Begin PBXReferenceProxy section */
		CC20D6F525BAA3C400E579DD /* Pods-ios_example */ = {
			isa = PBXReferenceProxy;
			fileType = wrapper.framework;
			name = "Pods-ios_example";
			path = Pods_ios_example.framework;
			remoteRef = CC20D6F425BAA3C400E579DD /* PBXContainerItemProxy */;
			sourceTree = BUILT_PRODUCTS_DIR;
		};
/* End PBXReferenceProxy section */

/* Begin PBXSourcesBuildPhase section */
		OBJ_22 /* Sources */ = {
			isa = PBXSourcesBuildPhase;
			buildActionMask = 0;
			files = (
				A652CEB32A8131BF006E789F /* App2App.swift in Sources */,
				F83D84AA24F66C5100B4393C /* OIDCConfiguration.swift in Sources */,
				A68DAD2929AF688E00487DAF /* String+encodeAsQueryComponent.swift in Sources */,
				F83392F124FDA87900A69D3C /* AuthgearError.swift in Sources */,
				A652CEE72A84DE72006E789F /* ASN1DERParsing.swift in Sources */,
				F83392EF24FC344D00A69D3C /* Storage.swift in Sources */,
				A652CEAE2A812CA9006E789F /* App2AppOptions.swift in Sources */,
				95E67335299F652100C9466C /* AuthgearExperimental.swift in Sources */,
				F83D84AE24F6A93600B4393C /* CodeVerifier.swift in Sources */,
				A652CEBB2A822D19006E789F /* Dictionary+encodeAsQuery.swift in Sources */,
				A652CEFA2A8A2C8F006E789F /* Asn1IntegerConversion.swift in Sources */,
				F8A657A925055A7C0027888F /* Base64.swift in Sources */,
				F83392F324FE38FE00A69D3C /* URLComponents+QueryParames.swift in Sources */,
				A6FCB0A52AF37E4300DAC260 /* URL+origin.swift in Sources */,
				775FF72A2603649500B81ECD /* Biometric.swift in Sources */,
				775FF73426047C7700B81ECD /* DeviceInfo.swift in Sources */,
				F8A657A7250551ED0027888F /* JWT.swift in Sources */,
				A68DAD2229AF686000487DAF /* UILocales.swift in Sources */,
				F8A657A52501D31E0027888F /* JWK.swift in Sources */,
				F8A657A32501845D0027888F /* Decodable+Any.swift in Sources */,
				A652CEB72A822753006E789F /* App2AppAuthenticationOptions.swift in Sources */,
				A652CEB92A8227C2006E789F /* App2AppAuthenticateRequest.swift in Sources */,
				F83D84AC24F66D3400B4393C /* APIClient.swift in Sources */,
				F83D84B024F860AA00B4393C /* AuthenticationSession.swift in Sources */,
				F83D84A824F64D0E00B4393C /* Authgear.swift in Sources */,
			);
			runOnlyForDeploymentPostprocessing = 0;
		};
		OBJ_40 /* Sources */ = {
			isa = PBXSourcesBuildPhase;
			buildActionMask = 0;
			files = (
				OBJ_41 /* AuthgearTests.swift in Sources */,
				OBJ_42 /* XCTestManifests.swift in Sources */,
			);
			runOnlyForDeploymentPostprocessing = 0;
		};
/* End PBXSourcesBuildPhase section */

/* Begin PBXTargetDependency section */
		OBJ_45 /* PBXTargetDependency */ = {
			isa = PBXTargetDependency;
			target = "Authgear::Authgear" /* Authgear-iOS */;
			targetProxy = F89AEF5124F5786700CF5F57 /* PBXContainerItemProxy */;
		};
/* End PBXTargetDependency section */

/* Begin XCBuildConfiguration section */
		OBJ_20 /* Debug */ = {
			isa = XCBuildConfiguration;
			buildSettings = {
				ENABLE_TESTABILITY = YES;
				FRAMEWORK_SEARCH_PATHS = (
					"$(inherited)",
					"$(PLATFORM_DIR)/Developer/Library/Frameworks",
				);
				HEADER_SEARCH_PATHS = "$(inherited)";
				INFOPLIST_FILE = Authgear.xcodeproj/Authgear_Info.plist;
				IPHONEOS_DEPLOYMENT_TARGET = 11.0;
				LD_RUNPATH_SEARCH_PATHS = "$(inherited) $(TOOLCHAIN_DIR)/usr/lib/swift/macosx";
				MACOSX_DEPLOYMENT_TARGET = 10.10;
				OTHER_CFLAGS = "$(inherited)";
				OTHER_LDFLAGS = "$(inherited)";
				OTHER_SWIFT_FLAGS = "$(inherited)";
				PRODUCT_BUNDLE_IDENTIFIER = Authgear;
				PRODUCT_MODULE_NAME = "$(TARGET_NAME:c99extidentifier)";
				PRODUCT_NAME = Authgear;
				SKIP_INSTALL = YES;
				SUPPORTED_PLATFORMS = "iphonesimulator iphoneos";
				SWIFT_ACTIVE_COMPILATION_CONDITIONS = "$(inherited)";
				SWIFT_VERSION = 5.0;
				TARGETED_DEVICE_FAMILY = "1,2";
				TARGET_NAME = Authgear;
				TVOS_DEPLOYMENT_TARGET = 9.0;
				WATCHOS_DEPLOYMENT_TARGET = 2.0;
			};
			name = Debug;
		};
		OBJ_21 /* Release */ = {
			isa = XCBuildConfiguration;
			buildSettings = {
				ENABLE_TESTABILITY = YES;
				FRAMEWORK_SEARCH_PATHS = (
					"$(inherited)",
					"$(PLATFORM_DIR)/Developer/Library/Frameworks",
				);
				HEADER_SEARCH_PATHS = "$(inherited)";
				INFOPLIST_FILE = Authgear.xcodeproj/Authgear_Info.plist;
				IPHONEOS_DEPLOYMENT_TARGET = 11.0;
				LD_RUNPATH_SEARCH_PATHS = "$(inherited) $(TOOLCHAIN_DIR)/usr/lib/swift/macosx";
				MACOSX_DEPLOYMENT_TARGET = 10.10;
				OTHER_CFLAGS = "$(inherited)";
				OTHER_LDFLAGS = "$(inherited)";
				OTHER_SWIFT_FLAGS = "$(inherited)";
				PRODUCT_BUNDLE_IDENTIFIER = Authgear;
				PRODUCT_MODULE_NAME = "$(TARGET_NAME:c99extidentifier)";
				PRODUCT_NAME = Authgear;
				SKIP_INSTALL = YES;
				SUPPORTED_PLATFORMS = "iphonesimulator iphoneos";
				SWIFT_ACTIVE_COMPILATION_CONDITIONS = "$(inherited)";
				SWIFT_VERSION = 5.0;
				TARGETED_DEVICE_FAMILY = "1,2";
				TARGET_NAME = Authgear;
				TVOS_DEPLOYMENT_TARGET = 9.0;
				WATCHOS_DEPLOYMENT_TARGET = 2.0;
			};
			name = Release;
		};
		OBJ_3 /* Debug */ = {
			isa = XCBuildConfiguration;
			buildSettings = {
				CLANG_ENABLE_OBJC_ARC = YES;
				COMBINE_HIDPI_IMAGES = YES;
				COPY_PHASE_STRIP = NO;
				DEBUG_INFORMATION_FORMAT = dwarf;
				DYLIB_INSTALL_NAME_BASE = "@rpath";
				ENABLE_NS_ASSERTIONS = YES;
				GCC_OPTIMIZATION_LEVEL = 0;
				GCC_PREPROCESSOR_DEFINITIONS = (
					"$(inherited)",
					"SWIFT_PACKAGE=1",
					"DEBUG=1",
				);
				IPHONEOS_DEPLOYMENT_TARGET = 11.0;
				MACOSX_DEPLOYMENT_TARGET = 10.10;
				ONLY_ACTIVE_ARCH = YES;
				OTHER_SWIFT_FLAGS = "$(inherited) -DXcode";
				PRODUCT_NAME = "$(TARGET_NAME)";
				SDKROOT = iphoneos;
				SUPPORTED_PLATFORMS = "iphonesimulator iphoneos";
				SWIFT_ACTIVE_COMPILATION_CONDITIONS = "$(inherited) SWIFT_PACKAGE DEBUG";
				SWIFT_OPTIMIZATION_LEVEL = "-Onone";
				USE_HEADERMAP = NO;
			};
			name = Debug;
		};
		OBJ_38 /* Debug */ = {
			isa = XCBuildConfiguration;
			buildSettings = {
				CLANG_ENABLE_MODULES = YES;
				EMBEDDED_CONTENT_CONTAINS_SWIFT = YES;
				FRAMEWORK_SEARCH_PATHS = (
					"$(inherited)",
					"$(PLATFORM_DIR)/Developer/Library/Frameworks",
				);
				HEADER_SEARCH_PATHS = "$(inherited)";
				INFOPLIST_FILE = Authgear.xcodeproj/AuthgearTests_Info.plist;
				IPHONEOS_DEPLOYMENT_TARGET = 11.0;
				LD_RUNPATH_SEARCH_PATHS = "$(inherited) @loader_path/../Frameworks @loader_path/Frameworks";
				MACOSX_DEPLOYMENT_TARGET = 10.10;
				OTHER_CFLAGS = "$(inherited)";
				OTHER_LDFLAGS = "$(inherited)";
				OTHER_SWIFT_FLAGS = "$(inherited)";
				PRODUCT_NAME = "Authgear-iOS Tests";
				SWIFT_ACTIVE_COMPILATION_CONDITIONS = "$(inherited)";
				SWIFT_VERSION = 5.0;
				TARGET_NAME = AuthgearTests;
				TVOS_DEPLOYMENT_TARGET = 9.0;
				WATCHOS_DEPLOYMENT_TARGET = 2.0;
			};
			name = Debug;
		};
		OBJ_39 /* Release */ = {
			isa = XCBuildConfiguration;
			buildSettings = {
				CLANG_ENABLE_MODULES = YES;
				EMBEDDED_CONTENT_CONTAINS_SWIFT = YES;
				FRAMEWORK_SEARCH_PATHS = (
					"$(inherited)",
					"$(PLATFORM_DIR)/Developer/Library/Frameworks",
				);
				HEADER_SEARCH_PATHS = "$(inherited)";
				INFOPLIST_FILE = Authgear.xcodeproj/AuthgearTests_Info.plist;
				IPHONEOS_DEPLOYMENT_TARGET = 11.0;
				LD_RUNPATH_SEARCH_PATHS = "$(inherited) @loader_path/../Frameworks @loader_path/Frameworks";
				MACOSX_DEPLOYMENT_TARGET = 10.10;
				OTHER_CFLAGS = "$(inherited)";
				OTHER_LDFLAGS = "$(inherited)";
				OTHER_SWIFT_FLAGS = "$(inherited)";
				PRODUCT_NAME = "Authgear-iOS Tests";
				SWIFT_ACTIVE_COMPILATION_CONDITIONS = "$(inherited)";
				SWIFT_VERSION = 5.0;
				TARGET_NAME = AuthgearTests;
				TVOS_DEPLOYMENT_TARGET = 9.0;
				WATCHOS_DEPLOYMENT_TARGET = 2.0;
			};
			name = Release;
		};
		OBJ_4 /* Release */ = {
			isa = XCBuildConfiguration;
			buildSettings = {
				CLANG_ENABLE_OBJC_ARC = YES;
				COMBINE_HIDPI_IMAGES = YES;
				COPY_PHASE_STRIP = YES;
				DEBUG_INFORMATION_FORMAT = "dwarf-with-dsym";
				DYLIB_INSTALL_NAME_BASE = "@rpath";
				GCC_OPTIMIZATION_LEVEL = s;
				GCC_PREPROCESSOR_DEFINITIONS = (
					"$(inherited)",
					"SWIFT_PACKAGE=1",
				);
				IPHONEOS_DEPLOYMENT_TARGET = 11.0;
				MACOSX_DEPLOYMENT_TARGET = 10.10;
				OTHER_SWIFT_FLAGS = "$(inherited) -DXcode";
				PRODUCT_NAME = "$(TARGET_NAME)";
				SDKROOT = iphoneos;
				SUPPORTED_PLATFORMS = "iphonesimulator iphoneos";
				SWIFT_ACTIVE_COMPILATION_CONDITIONS = "$(inherited) SWIFT_PACKAGE";
				SWIFT_OPTIMIZATION_LEVEL = "-Owholemodule";
				USE_HEADERMAP = NO;
			};
			name = Release;
		};
/* End XCBuildConfiguration section */

/* Begin XCConfigurationList section */
		OBJ_19 /* Build configuration list for PBXNativeTarget "Authgear-iOS" */ = {
			isa = XCConfigurationList;
			buildConfigurations = (
				OBJ_20 /* Debug */,
				OBJ_21 /* Release */,
			);
			defaultConfigurationIsVisible = 0;
			defaultConfigurationName = Release;
		};
		OBJ_2 /* Build configuration list for PBXProject "Authgear" */ = {
			isa = XCConfigurationList;
			buildConfigurations = (
				OBJ_3 /* Debug */,
				OBJ_4 /* Release */,
			);
			defaultConfigurationIsVisible = 0;
			defaultConfigurationName = Release;
		};
		OBJ_37 /* Build configuration list for PBXNativeTarget "Authgear-iOS Tests" */ = {
			isa = XCConfigurationList;
			buildConfigurations = (
				OBJ_38 /* Debug */,
				OBJ_39 /* Release */,
			);
			defaultConfigurationIsVisible = 0;
			defaultConfigurationName = Release;
		};
/* End XCConfigurationList section */
	};
	rootObject = OBJ_1 /* Project object */;
}
