// !$*UTF8*$!
{
	archiveVersion = 1;
	classes = {
	};
	objectVersion = 52;
	objects = {

/* Begin PBXBuildFile section */
		CC337EC0259063E500CBB3BB /* Starscream in Frameworks */ = {isa = PBXBuildFile; productRef = CC337EBF259063E500CBB3BB /* Starscream */; };
		CC337EC82590648800CBB3BB /* WSClient.swift in Sources */ = {isa = PBXBuildFile; fileRef = CC337EC72590648800CBB3BB /* WSClient.swift */; };
		F83392EF24FC344D00A69D3C /* Storage.swift in Sources */ = {isa = PBXBuildFile; fileRef = F83392EE24FC344D00A69D3C /* Storage.swift */; };
		F83392F124FDA87900A69D3C /* AuthgearError.swift in Sources */ = {isa = PBXBuildFile; fileRef = F83392F024FDA87900A69D3C /* AuthgearError.swift */; };
		F83392F324FE38FE00A69D3C /* URLComponents+QueryParames.swift in Sources */ = {isa = PBXBuildFile; fileRef = F83392F224FE38FE00A69D3C /* URLComponents+QueryParames.swift */; };
		F83D84A824F64D0E00B4393C /* Authgear.swift in Sources */ = {isa = PBXBuildFile; fileRef = F83D84A724F64D0E00B4393C /* Authgear.swift */; };
		F83D84AA24F66C5100B4393C /* OIDCConfiguration.swift in Sources */ = {isa = PBXBuildFile; fileRef = F83D84A924F66C5100B4393C /* OIDCConfiguration.swift */; };
		F83D84AC24F66D3400B4393C /* APIClient.swift in Sources */ = {isa = PBXBuildFile; fileRef = F83D84AB24F66D3400B4393C /* APIClient.swift */; };
		F83D84AE24F6A93600B4393C /* CodeVerifier.swift in Sources */ = {isa = PBXBuildFile; fileRef = F83D84AD24F6A93600B4393C /* CodeVerifier.swift */; };
		F83D84B024F860AA00B4393C /* AuthenticationSession.swift in Sources */ = {isa = PBXBuildFile; fileRef = F83D84AF24F860AA00B4393C /* AuthenticationSession.swift */; };
		F8A657A32501845D0027888F /* Decodable+Any.swift in Sources */ = {isa = PBXBuildFile; fileRef = F8A657A22501845D0027888F /* Decodable+Any.swift */; };
		F8A657A52501D31E0027888F /* JWK.swift in Sources */ = {isa = PBXBuildFile; fileRef = F8A657A42501D31E0027888F /* JWK.swift */; };
		F8A657A7250551ED0027888F /* JWT.swift in Sources */ = {isa = PBXBuildFile; fileRef = F8A657A6250551ED0027888F /* JWT.swift */; };
		F8A657A925055A7C0027888F /* Data+Base64URLEncoded.swift in Sources */ = {isa = PBXBuildFile; fileRef = F8A657A825055A7C0027888F /* Data+Base64URLEncoded.swift */; };
		OBJ_41 /* AuthgearTests.swift in Sources */ = {isa = PBXBuildFile; fileRef = OBJ_11 /* AuthgearTests.swift */; };
		OBJ_42 /* XCTestManifests.swift in Sources */ = {isa = PBXBuildFile; fileRef = OBJ_12 /* XCTestManifests.swift */; };
		OBJ_44 /* Authgear.framework in Frameworks */ = {isa = PBXBuildFile; fileRef = "Authgear::Authgear::Product" /* Authgear.framework */; };
/* End PBXBuildFile section */

/* Begin PBXContainerItemProxy section */
		F89AEF5124F5786700CF5F57 /* PBXContainerItemProxy */ = {
			isa = PBXContainerItemProxy;
			containerPortal = OBJ_1 /* Project object */;
			proxyType = 1;
			remoteGlobalIDString = "Authgear::Authgear";
			remoteInfo = Authgear;
		};
/* End PBXContainerItemProxy section */

/* Begin PBXFileReference section */
		"Authgear::Authgear::Product" /* Authgear.framework */ = {isa = PBXFileReference; explicitFileType = wrapper.framework; path = Authgear.framework; sourceTree = BUILT_PRODUCTS_DIR; };
		"Authgear::AuthgearTests::Product" /* Authgear-iOS Tests.xctest */ = {isa = PBXFileReference; explicitFileType = wrapper.cfbundle; path = "Authgear-iOS Tests.xctest"; sourceTree = BUILT_PRODUCTS_DIR; };
		CC337EC72590648800CBB3BB /* WSClient.swift */ = {isa = PBXFileReference; lastKnownFileType = sourcecode.swift; path = WSClient.swift; sourceTree = "<group>"; };
		F83392EE24FC344D00A69D3C /* Storage.swift */ = {isa = PBXFileReference; lastKnownFileType = sourcecode.swift; path = Storage.swift; sourceTree = "<group>"; };
		F83392F024FDA87900A69D3C /* AuthgearError.swift */ = {isa = PBXFileReference; lastKnownFileType = sourcecode.swift; path = AuthgearError.swift; sourceTree = "<group>"; };
		F83392F224FE38FE00A69D3C /* URLComponents+QueryParames.swift */ = {isa = PBXFileReference; lastKnownFileType = sourcecode.swift; path = "URLComponents+QueryParames.swift"; sourceTree = "<group>"; };
		F83D84A724F64D0E00B4393C /* Authgear.swift */ = {isa = PBXFileReference; lastKnownFileType = sourcecode.swift; path = Authgear.swift; sourceTree = "<group>"; };
		F83D84A924F66C5100B4393C /* OIDCConfiguration.swift */ = {isa = PBXFileReference; lastKnownFileType = sourcecode.swift; path = OIDCConfiguration.swift; sourceTree = "<group>"; };
		F83D84AB24F66D3400B4393C /* APIClient.swift */ = {isa = PBXFileReference; lastKnownFileType = sourcecode.swift; path = APIClient.swift; sourceTree = "<group>"; };
		F83D84AD24F6A93600B4393C /* CodeVerifier.swift */ = {isa = PBXFileReference; lastKnownFileType = sourcecode.swift; path = CodeVerifier.swift; sourceTree = "<group>"; };
		F83D84AF24F860AA00B4393C /* AuthenticationSession.swift */ = {isa = PBXFileReference; lastKnownFileType = sourcecode.swift; path = AuthenticationSession.swift; sourceTree = "<group>"; };
		F8A657A22501845D0027888F /* Decodable+Any.swift */ = {isa = PBXFileReference; lastKnownFileType = sourcecode.swift; path = "Decodable+Any.swift"; sourceTree = "<group>"; };
		F8A657A42501D31E0027888F /* JWK.swift */ = {isa = PBXFileReference; lastKnownFileType = sourcecode.swift; path = JWK.swift; sourceTree = "<group>"; };
		F8A657A6250551ED0027888F /* JWT.swift */ = {isa = PBXFileReference; lastKnownFileType = sourcecode.swift; path = JWT.swift; sourceTree = "<group>"; };
		F8A657A825055A7C0027888F /* Data+Base64URLEncoded.swift */ = {isa = PBXFileReference; lastKnownFileType = sourcecode.swift; path = "Data+Base64URLEncoded.swift"; sourceTree = "<group>"; };
		OBJ_11 /* AuthgearTests.swift */ = {isa = PBXFileReference; lastKnownFileType = sourcecode.swift; path = AuthgearTests.swift; sourceTree = "<group>"; };
		OBJ_12 /* XCTestManifests.swift */ = {isa = PBXFileReference; lastKnownFileType = sourcecode.swift; path = XCTestManifests.swift; sourceTree = "<group>"; };
		OBJ_17 /* README.md */ = {isa = PBXFileReference; lastKnownFileType = net.daringfireball.markdown; path = README.md; sourceTree = "<group>"; };
		OBJ_6 /* Package.swift */ = {isa = PBXFileReference; explicitFileType = sourcecode.swift; path = Package.swift; sourceTree = "<group>"; };
/* End PBXFileReference section */

/* Begin PBXFrameworksBuildPhase section */
		OBJ_24 /* Frameworks */ = {
			isa = PBXFrameworksBuildPhase;
			buildActionMask = 0;
			files = (
				CC337EC0259063E500CBB3BB /* Starscream in Frameworks */,
			);
			runOnlyForDeploymentPostprocessing = 0;
		};
		OBJ_43 /* Frameworks */ = {
			isa = PBXFrameworksBuildPhase;
			buildActionMask = 0;
			files = (
				OBJ_44 /* Authgear.framework in Frameworks */,
			);
			runOnlyForDeploymentPostprocessing = 0;
		};
/* End PBXFrameworksBuildPhase section */

/* Begin PBXGroup section */
		OBJ_10 /* AuthgearTests */ = {
			isa = PBXGroup;
			children = (
				OBJ_11 /* AuthgearTests.swift */,
				OBJ_12 /* XCTestManifests.swift */,
			);
			name = AuthgearTests;
			path = Tests/AuthgearTests;
			sourceTree = SOURCE_ROOT;
		};
		OBJ_13 /* Products */ = {
			isa = PBXGroup;
			children = (
				"Authgear::Authgear::Product" /* Authgear.framework */,
				"Authgear::AuthgearTests::Product" /* Authgear-iOS Tests.xctest */,
			);
			name = Products;
			sourceTree = BUILT_PRODUCTS_DIR;
		};
		OBJ_5 = {
			isa = PBXGroup;
			children = (
				OBJ_6 /* Package.swift */,
				OBJ_7 /* Sources */,
				OBJ_9 /* Tests */,
				OBJ_13 /* Products */,
				OBJ_17 /* README.md */,
			);
			sourceTree = "<group>";
		};
		OBJ_7 /* Sources */ = {
			isa = PBXGroup;
			children = (
				F83D84AB24F66D3400B4393C /* APIClient.swift */,
				F83D84A724F64D0E00B4393C /* Authgear.swift */,
				F83D84AF24F860AA00B4393C /* AuthenticationSession.swift */,
				F83D84A924F66C5100B4393C /* OIDCConfiguration.swift */,
				F83D84AD24F6A93600B4393C /* CodeVerifier.swift */,
				F83392EE24FC344D00A69D3C /* Storage.swift */,
				F83392F024FDA87900A69D3C /* AuthgearError.swift */,
				F83392F224FE38FE00A69D3C /* URLComponents+QueryParames.swift */,
				F8A657A22501845D0027888F /* Decodable+Any.swift */,
				F8A657A42501D31E0027888F /* JWK.swift */,
				F8A657A6250551ED0027888F /* JWT.swift */,
				F8A657A825055A7C0027888F /* Data+Base64URLEncoded.swift */,
				CC337EC72590648800CBB3BB /* WSClient.swift */,
			);
			path = Sources;
			sourceTree = SOURCE_ROOT;
		};
		OBJ_9 /* Tests */ = {
			isa = PBXGroup;
			children = (
				OBJ_10 /* AuthgearTests */,
			);
			name = Tests;
			sourceTree = SOURCE_ROOT;
		};
/* End PBXGroup section */

/* Begin PBXNativeTarget section */
		"Authgear::Authgear" /* Authgear-iOS */ = {
			isa = PBXNativeTarget;
			buildConfigurationList = OBJ_19 /* Build configuration list for PBXNativeTarget "Authgear-iOS" */;
			buildPhases = (
				OBJ_22 /* Sources */,
				OBJ_24 /* Frameworks */,
			);
			buildRules = (
			);
			dependencies = (
			);
			name = "Authgear-iOS";
			packageProductDependencies = (
				CC337EBF259063E500CBB3BB /* Starscream */,
			);
			productName = Authgear;
			productReference = "Authgear::Authgear::Product" /* Authgear.framework */;
			productType = "com.apple.product-type.framework";
		};
		"Authgear::AuthgearTests" /* Authgear-iOS Tests */ = {
			isa = PBXNativeTarget;
			buildConfigurationList = OBJ_37 /* Build configuration list for PBXNativeTarget "Authgear-iOS Tests" */;
			buildPhases = (
				OBJ_40 /* Sources */,
				OBJ_43 /* Frameworks */,
			);
			buildRules = (
			);
			dependencies = (
				OBJ_45 /* PBXTargetDependency */,
			);
			name = "Authgear-iOS Tests";
			productName = AuthgearTests;
			productReference = "Authgear::AuthgearTests::Product" /* Authgear-iOS Tests.xctest */;
			productType = "com.apple.product-type.bundle.unit-test";
		};
/* End PBXNativeTarget section */

/* Begin PBXProject section */
		OBJ_1 /* Project object */ = {
			isa = PBXProject;
			attributes = {
				LastSwiftMigration = 9999;
				LastUpgradeCheck = 9999;
			};
			buildConfigurationList = OBJ_2 /* Build configuration list for PBXProject "Authgear" */;
			compatibilityVersion = "Xcode 3.2";
			developmentRegion = en;
			hasScannedForEncodings = 0;
			knownRegions = (
				en,
			);
			mainGroup = OBJ_5;
			packageReferences = (
				CC337EBE259063E500CBB3BB /* XCRemoteSwiftPackageReference "Starscream" */,
			);
			productRefGroup = OBJ_13 /* Products */;
			projectDirPath = "";
			projectRoot = "";
			targets = (
				"Authgear::Authgear" /* Authgear-iOS */,
				"Authgear::AuthgearTests" /* Authgear-iOS Tests */,
			);
		};
/* End PBXProject section */

/* Begin PBXSourcesBuildPhase section */
		OBJ_22 /* Sources */ = {
			isa = PBXSourcesBuildPhase;
			buildActionMask = 0;
			files = (
				F83D84AA24F66C5100B4393C /* OIDCConfiguration.swift in Sources */,
				F83392F124FDA87900A69D3C /* AuthgearError.swift in Sources */,
				F83392EF24FC344D00A69D3C /* Storage.swift in Sources */,
				F83D84AE24F6A93600B4393C /* CodeVerifier.swift in Sources */,
				F8A657A925055A7C0027888F /* Data+Base64URLEncoded.swift in Sources */,
				F83392F324FE38FE00A69D3C /* URLComponents+QueryParames.swift in Sources */,
				F8A657A7250551ED0027888F /* JWT.swift in Sources */,
				F8A657A52501D31E0027888F /* JWK.swift in Sources */,
				F8A657A32501845D0027888F /* Decodable+Any.swift in Sources */,
				CC337EC82590648800CBB3BB /* WSClient.swift in Sources */,
				F83D84AC24F66D3400B4393C /* APIClient.swift in Sources */,
				F83D84B024F860AA00B4393C /* AuthenticationSession.swift in Sources */,
				F83D84A824F64D0E00B4393C /* Authgear.swift in Sources */,
			);
			runOnlyForDeploymentPostprocessing = 0;
		};
		OBJ_40 /* Sources */ = {
			isa = PBXSourcesBuildPhase;
			buildActionMask = 0;
			files = (
				OBJ_41 /* AuthgearTests.swift in Sources */,
				OBJ_42 /* XCTestManifests.swift in Sources */,
			);
			runOnlyForDeploymentPostprocessing = 0;
		};
/* End PBXSourcesBuildPhase section */

/* Begin PBXTargetDependency section */
		OBJ_45 /* PBXTargetDependency */ = {
			isa = PBXTargetDependency;
			target = "Authgear::Authgear" /* Authgear-iOS */;
			targetProxy = F89AEF5124F5786700CF5F57 /* PBXContainerItemProxy */;
		};
/* End PBXTargetDependency section */

/* Begin XCBuildConfiguration section */
		OBJ_20 /* Debug */ = {
			isa = XCBuildConfiguration;
			buildSettings = {
				ENABLE_TESTABILITY = YES;
				FRAMEWORK_SEARCH_PATHS = (
					"$(inherited)",
					"$(PLATFORM_DIR)/Developer/Library/Frameworks",
				);
				HEADER_SEARCH_PATHS = "$(inherited)";
				INFOPLIST_FILE = Authgear.xcodeproj/Authgear_Info.plist;
				IPHONEOS_DEPLOYMENT_TARGET = 11.0;
				LD_RUNPATH_SEARCH_PATHS = (
					"$(inherited)",
					"$(TOOLCHAIN_DIR)/usr/lib/swift/macosx",
				);
				MACOSX_DEPLOYMENT_TARGET = 10.10;
				OTHER_CFLAGS = "$(inherited)";
				OTHER_LDFLAGS = "$(inherited)";
				OTHER_SWIFT_FLAGS = "$(inherited)";
				PRODUCT_BUNDLE_IDENTIFIER = Authgear;
				PRODUCT_MODULE_NAME = "$(TARGET_NAME:c99extidentifier)";
				PRODUCT_NAME = Authgear;
				SKIP_INSTALL = YES;
				SUPPORTED_PLATFORMS = "iphonesimulator iphoneos";
				SWIFT_ACTIVE_COMPILATION_CONDITIONS = "$(inherited)";
				SWIFT_VERSION = 5.0;
				TARGETED_DEVICE_FAMILY = "1,2";
				TARGET_NAME = Authgear;
				TVOS_DEPLOYMENT_TARGET = 9.0;
				WATCHOS_DEPLOYMENT_TARGET = 2.0;
			};
			name = Debug;
		};
		OBJ_21 /* Release */ = {
			isa = XCBuildConfiguration;
			buildSettings = {
				ENABLE_TESTABILITY = YES;
				FRAMEWORK_SEARCH_PATHS = (
					"$(inherited)",
					"$(PLATFORM_DIR)/Developer/Library/Frameworks",
				);
				HEADER_SEARCH_PATHS = "$(inherited)";
				INFOPLIST_FILE = Authgear.xcodeproj/Authgear_Info.plist;
				IPHONEOS_DEPLOYMENT_TARGET = 11.0;
				LD_RUNPATH_SEARCH_PATHS = (
					"$(inherited)",
					"$(TOOLCHAIN_DIR)/usr/lib/swift/macosx",
				);
				MACOSX_DEPLOYMENT_TARGET = 10.10;
				OTHER_CFLAGS = "$(inherited)";
				OTHER_LDFLAGS = "$(inherited)";
				OTHER_SWIFT_FLAGS = "$(inherited)";
				PRODUCT_BUNDLE_IDENTIFIER = Authgear;
				PRODUCT_MODULE_NAME = "$(TARGET_NAME:c99extidentifier)";
				PRODUCT_NAME = Authgear;
				SKIP_INSTALL = YES;
				SUPPORTED_PLATFORMS = "iphonesimulator iphoneos";
				SWIFT_ACTIVE_COMPILATION_CONDITIONS = "$(inherited)";
				SWIFT_VERSION = 5.0;
				TARGETED_DEVICE_FAMILY = "1,2";
				TARGET_NAME = Authgear;
				TVOS_DEPLOYMENT_TARGET = 9.0;
				WATCHOS_DEPLOYMENT_TARGET = 2.0;
			};
			name = Release;
		};
		OBJ_3 /* Debug */ = {
			isa = XCBuildConfiguration;
			buildSettings = {
				CLANG_ENABLE_OBJC_ARC = YES;
				COMBINE_HIDPI_IMAGES = YES;
				COPY_PHASE_STRIP = NO;
				DEBUG_INFORMATION_FORMAT = dwarf;
				DYLIB_INSTALL_NAME_BASE = "@rpath";
				ENABLE_NS_ASSERTIONS = YES;
				GCC_OPTIMIZATION_LEVEL = 0;
				GCC_PREPROCESSOR_DEFINITIONS = (
					"$(inherited)",
					"SWIFT_PACKAGE=1",
					"DEBUG=1",
				);
				IPHONEOS_DEPLOYMENT_TARGET = 11.0;
				MACOSX_DEPLOYMENT_TARGET = 10.10;
				ONLY_ACTIVE_ARCH = YES;
				OTHER_SWIFT_FLAGS = "$(inherited) -DXcode";
				PRODUCT_NAME = "$(TARGET_NAME)";
				SDKROOT = iphoneos;
				SUPPORTED_PLATFORMS = "iphonesimulator iphoneos";
				SWIFT_ACTIVE_COMPILATION_CONDITIONS = "$(inherited) SWIFT_PACKAGE DEBUG";
				SWIFT_OPTIMIZATION_LEVEL = "-Onone";
				USE_HEADERMAP = NO;
			};
			name = Debug;
		};
		OBJ_38 /* Debug */ = {
			isa = XCBuildConfiguration;
			buildSettings = {
				CLANG_ENABLE_MODULES = YES;
				EMBEDDED_CONTENT_CONTAINS_SWIFT = YES;
				FRAMEWORK_SEARCH_PATHS = (
					"$(inherited)",
					"$(PLATFORM_DIR)/Developer/Library/Frameworks",
				);
				HEADER_SEARCH_PATHS = "$(inherited)";
				INFOPLIST_FILE = Authgear.xcodeproj/AuthgearTests_Info.plist;
				IPHONEOS_DEPLOYMENT_TARGET = 11.0;
				LD_RUNPATH_SEARCH_PATHS = (
					"$(inherited)",
					"@loader_path/../Frameworks",
					"@loader_path/Frameworks",
				);
				MACOSX_DEPLOYMENT_TARGET = 10.10;
				OTHER_CFLAGS = "$(inherited)";
				OTHER_LDFLAGS = "$(inherited)";
				OTHER_SWIFT_FLAGS = "$(inherited)";
				PRODUCT_NAME = "Authgear-iOS Tests";
				SWIFT_ACTIVE_COMPILATION_CONDITIONS = "$(inherited)";
				SWIFT_VERSION = 5.0;
				TARGET_NAME = AuthgearTests;
				TVOS_DEPLOYMENT_TARGET = 9.0;
				WATCHOS_DEPLOYMENT_TARGET = 2.0;
			};
			name = Debug;
		};
		OBJ_39 /* Release */ = {
			isa = XCBuildConfiguration;
			buildSettings = {
				CLANG_ENABLE_MODULES = YES;
				EMBEDDED_CONTENT_CONTAINS_SWIFT = YES;
				FRAMEWORK_SEARCH_PATHS = (
					"$(inherited)",
					"$(PLATFORM_DIR)/Developer/Library/Frameworks",
				);
				HEADER_SEARCH_PATHS = "$(inherited)";
				INFOPLIST_FILE = Authgear.xcodeproj/AuthgearTests_Info.plist;
				IPHONEOS_DEPLOYMENT_TARGET = 11.0;
				LD_RUNPATH_SEARCH_PATHS = (
					"$(inherited)",
					"@loader_path/../Frameworks",
					"@loader_path/Frameworks",
				);
				MACOSX_DEPLOYMENT_TARGET = 10.10;
				OTHER_CFLAGS = "$(inherited)";
				OTHER_LDFLAGS = "$(inherited)";
				OTHER_SWIFT_FLAGS = "$(inherited)";
				PRODUCT_NAME = "Authgear-iOS Tests";
				SWIFT_ACTIVE_COMPILATION_CONDITIONS = "$(inherited)";
				SWIFT_VERSION = 5.0;
				TARGET_NAME = AuthgearTests;
				TVOS_DEPLOYMENT_TARGET = 9.0;
				WATCHOS_DEPLOYMENT_TARGET = 2.0;
			};
			name = Release;
		};
		OBJ_4 /* Release */ = {
			isa = XCBuildConfiguration;
			buildSettings = {
				CLANG_ENABLE_OBJC_ARC = YES;
				COMBINE_HIDPI_IMAGES = YES;
				COPY_PHASE_STRIP = YES;
				DEBUG_INFORMATION_FORMAT = "dwarf-with-dsym";
				DYLIB_INSTALL_NAME_BASE = "@rpath";
				GCC_OPTIMIZATION_LEVEL = s;
				GCC_PREPROCESSOR_DEFINITIONS = (
					"$(inherited)",
					"SWIFT_PACKAGE=1",
				);
				IPHONEOS_DEPLOYMENT_TARGET = 11.0;
				MACOSX_DEPLOYMENT_TARGET = 10.10;
				OTHER_SWIFT_FLAGS = "$(inherited) -DXcode";
				PRODUCT_NAME = "$(TARGET_NAME)";
				SDKROOT = iphoneos;
				SUPPORTED_PLATFORMS = "iphonesimulator iphoneos";
				SWIFT_ACTIVE_COMPILATION_CONDITIONS = "$(inherited) SWIFT_PACKAGE";
				SWIFT_COMPILATION_MODE = wholemodule;
				SWIFT_OPTIMIZATION_LEVEL = "-O";
				USE_HEADERMAP = NO;
			};
			name = Release;
		};
/* End XCBuildConfiguration section */

/* Begin XCConfigurationList section */
		OBJ_19 /* Build configuration list for PBXNativeTarget "Authgear-iOS" */ = {
			isa = XCConfigurationList;
			buildConfigurations = (
				OBJ_20 /* Debug */,
				OBJ_21 /* Release */,
			);
			defaultConfigurationIsVisible = 0;
			defaultConfigurationName = Release;
		};
		OBJ_2 /* Build configuration list for PBXProject "Authgear" */ = {
			isa = XCConfigurationList;
			buildConfigurations = (
				OBJ_3 /* Debug */,
				OBJ_4 /* Release */,
			);
			defaultConfigurationIsVisible = 0;
			defaultConfigurationName = Release;
		};
		OBJ_37 /* Build configuration list for PBXNativeTarget "Authgear-iOS Tests" */ = {
			isa = XCConfigurationList;
			buildConfigurations = (
				OBJ_38 /* Debug */,
				OBJ_39 /* Release */,
			);
			defaultConfigurationIsVisible = 0;
			defaultConfigurationName = Release;
		};
/* End XCConfigurationList section */

/* Begin XCRemoteSwiftPackageReference section */
		CC337EBE259063E500CBB3BB /* XCRemoteSwiftPackageReference "Starscream" */ = {
			isa = XCRemoteSwiftPackageReference;
			repositoryURL = "https://github.com/daltoniam/Starscream.git";
			requirement = {
				kind = upToNextMajorVersion;
				minimumVersion = 4.0.4;
			};
		};
/* End XCRemoteSwiftPackageReference section */

/* Begin XCSwiftPackageProductDependency section */
		CC337EBF259063E500CBB3BB /* Starscream */ = {
			isa = XCSwiftPackageProductDependency;
			package = CC337EBE259063E500CBB3BB /* XCRemoteSwiftPackageReference "Starscream" */;
			productName = Starscream;
		};
/* End XCSwiftPackageProductDependency section */
	};
	rootObject = OBJ_1 /* Project object */;
}
