// !$*UTF8*$!
{
	archiveVersion = 1;
	classes = {
	};
	objectVersion = 50;
	objects = {

/* Begin PBXBuildFile section */
		25D3CE61D191A5A941AE7822 /* Pods_ios_example.framework in Frameworks */ = {isa = PBXBuildFile; fileRef = 334D39BA4EECBD0957B18F9D /* Pods_ios_example.framework */; };
		77E1D5EC2836353900C2D78B /* ColorScheme.swift in Sources */ = {isa = PBXBuildFile; fileRef = 77E1D5EB2836353900C2D78B /* ColorScheme.swift */; };
		7A0B543F255512F800718C05 /* SceneDelegate.swift in Sources */ = {isa = PBXBuildFile; fileRef = 7A0B543E255512F800718C05 /* SceneDelegate.swift */; };
		7A0B54412555135300718C05 /* ContentView.swift in Sources */ = {isa = PBXBuildFile; fileRef = 7A0B54402555135300718C05 /* ContentView.swift */; };
		7A0B544525554CB300718C05 /* App.swift in Sources */ = {isa = PBXBuildFile; fileRef = 7A0B544425554CB300718C05 /* App.swift */; };
		7A60D1052559571C00357B6D /* KeyboardAvoidingView.swift in Sources */ = {isa = PBXBuildFile; fileRef = 7A60D1042559571C00357B6D /* KeyboardAvoidingView.swift */; };
		CCC8F73025AC33D6000358F1 /* WebKit.framework in Frameworks */ = {isa = PBXBuildFile; fileRef = CCC8F72E25AC33D0000358F1 /* WebKit.framework */; };
		F89AEF8424F57A6B00CF5F57 /* AppDelegate.swift in Sources */ = {isa = PBXBuildFile; fileRef = F89AEF8324F57A6B00CF5F57 /* AppDelegate.swift */; };
		F89AEF8D24F57A6C00CF5F57 /* Assets.xcassets in Resources */ = {isa = PBXBuildFile; fileRef = F89AEF8C24F57A6C00CF5F57 /* Assets.xcassets */; };
		F89AEF9024F57A6C00CF5F57 /* LaunchScreen.storyboard in Resources */ = {isa = PBXBuildFile; fileRef = F89AEF8E24F57A6C00CF5F57 /* LaunchScreen.storyboard */; };
		F89AEFAE24F5826E00CF5F57 /* Authgear.framework in Frameworks */ = {isa = PBXBuildFile; fileRef = F89AEFAB24F5826400CF5F57 /* Authgear.framework */; };
		F89AEFAF24F5826E00CF5F57 /* Authgear.framework in Embed Frameworks */ = {isa = PBXBuildFile; fileRef = F89AEFAB24F5826400CF5F57 /* Authgear.framework */; settings = {ATTRIBUTES = (CodeSignOnCopy, RemoveHeadersOnCopy, ); }; };
/* End PBXBuildFile section */

/* Begin PBXContainerItemProxy section */
		F89AEFAA24F5826400CF5F57 /* PBXContainerItemProxy */ = {
			isa = PBXContainerItemProxy;
			containerPortal = F89AEFA524F5826400CF5F57 /* Authgear.xcodeproj */;
			proxyType = 2;
			remoteGlobalIDString = "Authgear::Authgear::Product";
			remoteInfo = "Authgear-iOS";
		};
		F89AEFAC24F5826400CF5F57 /* PBXContainerItemProxy */ = {
			isa = PBXContainerItemProxy;
			containerPortal = F89AEFA524F5826400CF5F57 /* Authgear.xcodeproj */;
			proxyType = 2;
			remoteGlobalIDString = "Authgear::AuthgearTests::Product";
			remoteInfo = "Authgear-iOS Tests";
		};
/* End PBXContainerItemProxy section */

/* Begin PBXCopyFilesBuildPhase section */
		F89AEFB024F5826E00CF5F57 /* Embed Frameworks */ = {
			isa = PBXCopyFilesBuildPhase;
			buildActionMask = 2147483647;
			dstPath = "";
			dstSubfolderSpec = 10;
			files = (
				F89AEFAF24F5826E00CF5F57 /* Authgear.framework in Embed Frameworks */,
			);
			name = "Embed Frameworks";
			runOnlyForDeploymentPostprocessing = 0;
		};
/* End PBXCopyFilesBuildPhase section */

/* Begin PBXFileReference section */
		0BF7FAA64028E5C1E5B4FFD9 /* Pods-ios_example.release.xcconfig */ = {isa = PBXFileReference; includeInIndex = 1; lastKnownFileType = text.xcconfig; name = "Pods-ios_example.release.xcconfig"; path = "Target Support Files/Pods-ios_example/Pods-ios_example.release.xcconfig"; sourceTree = "<group>"; };
		334D39BA4EECBD0957B18F9D /* Pods_ios_example.framework */ = {isa = PBXFileReference; explicitFileType = wrapper.framework; includeInIndex = 0; path = Pods_ios_example.framework; sourceTree = BUILT_PRODUCTS_DIR; };
		77E1D5EB2836353900C2D78B /* ColorScheme.swift */ = {isa = PBXFileReference; lastKnownFileType = sourcecode.swift; path = ColorScheme.swift; sourceTree = "<group>"; };
		7A0B543E255512F800718C05 /* SceneDelegate.swift */ = {isa = PBXFileReference; lastKnownFileType = sourcecode.swift; path = SceneDelegate.swift; sourceTree = "<group>"; };
		7A0B54402555135300718C05 /* ContentView.swift */ = {isa = PBXFileReference; lastKnownFileType = sourcecode.swift; path = ContentView.swift; sourceTree = "<group>"; };
		7A0B544425554CB300718C05 /* App.swift */ = {isa = PBXFileReference; lastKnownFileType = sourcecode.swift; path = App.swift; sourceTree = "<group>"; };
		7A60D1042559571C00357B6D /* KeyboardAvoidingView.swift */ = {isa = PBXFileReference; lastKnownFileType = sourcecode.swift; path = KeyboardAvoidingView.swift; sourceTree = "<group>"; };
		80C812C632281CE6A9C785F1 /* Pods-ios_example.debug.xcconfig */ = {isa = PBXFileReference; includeInIndex = 1; lastKnownFileType = text.xcconfig; name = "Pods-ios_example.debug.xcconfig"; path = "Target Support Files/Pods-ios_example/Pods-ios_example.debug.xcconfig"; sourceTree = "<group>"; };
		CCC8F72E25AC33D0000358F1 /* WebKit.framework */ = {isa = PBXFileReference; lastKnownFileType = wrapper.framework; name = WebKit.framework; path = System/Library/Frameworks/WebKit.framework; sourceTree = SDKROOT; };
		CCC8F73225AC3488000358F1 /* ios_example.entitlements */ = {isa = PBXFileReference; lastKnownFileType = text.plist.entitlements; path = ios_example.entitlements; sourceTree = "<group>"; };
		CCC8F73925AC35D9000358F1 /* WechatOpenSDK-Bridging-Header.h */ = {isa = PBXFileReference; lastKnownFileType = sourcecode.c.h; path = "WechatOpenSDK-Bridging-Header.h"; sourceTree = "<group>"; };
		F89AEF8024F57A6B00CF5F57 /* ios_example.app */ = {isa = PBXFileReference; explicitFileType = wrapper.application; includeInIndex = 0; path = ios_example.app; sourceTree = BUILT_PRODUCTS_DIR; };
		F89AEF8324F57A6B00CF5F57 /* AppDelegate.swift */ = {isa = PBXFileReference; lastKnownFileType = sourcecode.swift; path = AppDelegate.swift; sourceTree = "<group>"; };
		F89AEF8C24F57A6C00CF5F57 /* Assets.xcassets */ = {isa = PBXFileReference; lastKnownFileType = folder.assetcatalog; path = Assets.xcassets; sourceTree = "<group>"; };
		F89AEF8F24F57A6C00CF5F57 /* Base */ = {isa = PBXFileReference; lastKnownFileType = file.storyboard; name = Base; path = Base.lproj/LaunchScreen.storyboard; sourceTree = "<group>"; };
		F89AEF9124F57A6C00CF5F57 /* Info.plist */ = {isa = PBXFileReference; lastKnownFileType = text.plist.xml; path = Info.plist; sourceTree = "<group>"; };
		F89AEFA524F5826400CF5F57 /* Authgear.xcodeproj */ = {isa = PBXFileReference; lastKnownFileType = "wrapper.pb-project"; name = Authgear.xcodeproj; path = ../Authgear.xcodeproj; sourceTree = "<group>"; };
/* End PBXFileReference section */

/* Begin PBXFrameworksBuildPhase section */
		F89AEF7D24F57A6B00CF5F57 /* Frameworks */ = {
			isa = PBXFrameworksBuildPhase;
			buildActionMask = 2147483647;
			files = (
				CCC8F73025AC33D6000358F1 /* WebKit.framework in Frameworks */,
				F89AEFAE24F5826E00CF5F57 /* Authgear.framework in Frameworks */,
				25D3CE61D191A5A941AE7822 /* Pods_ios_example.framework in Frameworks */,
			);
			runOnlyForDeploymentPostprocessing = 0;
		};
/* End PBXFrameworksBuildPhase section */

/* Begin PBXGroup section */
		EF1BDE38A93B448E74B73E6C /* Pods */ = {
			isa = PBXGroup;
			children = (
				80C812C632281CE6A9C785F1 /* Pods-ios_example.debug.xcconfig */,
				0BF7FAA64028E5C1E5B4FFD9 /* Pods-ios_example.release.xcconfig */,
			);
			path = Pods;
			sourceTree = "<group>";
		};
		F89AEF7724F57A6B00CF5F57 = {
			isa = PBXGroup;
			children = (
				F89AEF8224F57A6B00CF5F57 /* ios_example */,
				F89AEF8124F57A6B00CF5F57 /* Products */,
				F89AEF9724F57AFA00CF5F57 /* Frameworks */,
				EF1BDE38A93B448E74B73E6C /* Pods */,
			);
			sourceTree = "<group>";
		};
		F89AEF8124F57A6B00CF5F57 /* Products */ = {
			isa = PBXGroup;
			children = (
				F89AEF8024F57A6B00CF5F57 /* ios_example.app */,
			);
			name = Products;
			sourceTree = "<group>";
		};
		F89AEF8224F57A6B00CF5F57 /* ios_example */ = {
			isa = PBXGroup;
			children = (
				CCC8F73225AC3488000358F1 /* ios_example.entitlements */,
				F89AEF8324F57A6B00CF5F57 /* AppDelegate.swift */,
				7A0B543E255512F800718C05 /* SceneDelegate.swift */,
				F89AEF8C24F57A6C00CF5F57 /* Assets.xcassets */,
				F89AEF8E24F57A6C00CF5F57 /* LaunchScreen.storyboard */,
				F89AEF9124F57A6C00CF5F57 /* Info.plist */,
				7A0B54402555135300718C05 /* ContentView.swift */,
				7A0B544425554CB300718C05 /* App.swift */,
				7A60D1042559571C00357B6D /* KeyboardAvoidingView.swift */,
				CCC8F73925AC35D9000358F1 /* WechatOpenSDK-Bridging-Header.h */,
				77E1D5EB2836353900C2D78B /* ColorScheme.swift */,
			);
			path = ios_example;
			sourceTree = "<group>";
		};
		F89AEF9724F57AFA00CF5F57 /* Frameworks */ = {
			isa = PBXGroup;
			children = (
				CCC8F72E25AC33D0000358F1 /* WebKit.framework */,
				F89AEFA524F5826400CF5F57 /* Authgear.xcodeproj */,
				334D39BA4EECBD0957B18F9D /* Pods_ios_example.framework */,
			);
			name = Frameworks;
			sourceTree = "<group>";
		};
		F89AEFA624F5826400CF5F57 /* Products */ = {
			isa = PBXGroup;
			children = (
				F89AEFAB24F5826400CF5F57 /* Authgear.framework */,
				F89AEFAD24F5826400CF5F57 /* Authgear-iOS Tests.xctest */,
			);
			name = Products;
			sourceTree = "<group>";
		};
/* End PBXGroup section */

/* Begin PBXNativeTarget section */
		F89AEF7F24F57A6B00CF5F57 /* ios_example */ = {
			isa = PBXNativeTarget;
			buildConfigurationList = F89AEF9424F57A6C00CF5F57 /* Build configuration list for PBXNativeTarget "ios_example" */;
			buildPhases = (
				BBE01E8358FA780B4704E345 /* [CP] Check Pods Manifest.lock */,
				F89AEF7C24F57A6B00CF5F57 /* Sources */,
				F89AEF7D24F57A6B00CF5F57 /* Frameworks */,
				F89AEF7E24F57A6B00CF5F57 /* Resources */,
				F89AEFB024F5826E00CF5F57 /* Embed Frameworks */,
			);
			buildRules = (
			);
			dependencies = (
			);
			name = ios_example;
			productName = "iOS Example";
			productReference = F89AEF8024F57A6B00CF5F57 /* ios_example.app */;
			productType = "com.apple.product-type.application";
		};
/* End PBXNativeTarget section */

/* Begin PBXProject section */
		F89AEF7824F57A6B00CF5F57 /* Project object */ = {
			isa = PBXProject;
			attributes = {
				LastSwiftUpdateCheck = 1160;
				LastUpgradeCheck = 1160;
				ORGANIZATIONNAME = Authgear;
				TargetAttributes = {
					F89AEF7F24F57A6B00CF5F57 = {
						CreatedOnToolsVersion = 11.6;
					};
				};
			};
			buildConfigurationList = F89AEF7B24F57A6B00CF5F57 /* Build configuration list for PBXProject "ios_example" */;
			compatibilityVersion = "Xcode 9.3";
			developmentRegion = en;
			hasScannedForEncodings = 0;
			knownRegions = (
				en,
				Base,
			);
			mainGroup = F89AEF7724F57A6B00CF5F57;
			productRefGroup = F89AEF8124F57A6B00CF5F57 /* Products */;
			projectDirPath = "";
			projectReferences = (
				{
					ProductGroup = F89AEFA624F5826400CF5F57 /* Products */;
					ProjectRef = F89AEFA524F5826400CF5F57 /* Authgear.xcodeproj */;
				},
			);
			projectRoot = "";
			targets = (
				F89AEF7F24F57A6B00CF5F57 /* ios_example */,
			);
		};
/* End PBXProject section */

/* Begin PBXReferenceProxy section */
		F89AEFAB24F5826400CF5F57 /* Authgear.framework */ = {
			isa = PBXReferenceProxy;
			fileType = wrapper.framework;
			path = Authgear.framework;
			remoteRef = F89AEFAA24F5826400CF5F57 /* PBXContainerItemProxy */;
			sourceTree = BUILT_PRODUCTS_DIR;
		};
		F89AEFAD24F5826400CF5F57 /* Authgear-iOS Tests.xctest */ = {
			isa = PBXReferenceProxy;
			fileType = wrapper.cfbundle;
			path = "Authgear-iOS Tests.xctest";
			remoteRef = F89AEFAC24F5826400CF5F57 /* PBXContainerItemProxy */;
			sourceTree = BUILT_PRODUCTS_DIR;
		};
/* End PBXReferenceProxy section */

/* Begin PBXResourcesBuildPhase section */
		F89AEF7E24F57A6B00CF5F57 /* Resources */ = {
			isa = PBXResourcesBuildPhase;
			buildActionMask = 2147483647;
			files = (
				F89AEF9024F57A6C00CF5F57 /* LaunchScreen.storyboard in Resources */,
				F89AEF8D24F57A6C00CF5F57 /* Assets.xcassets in Resources */,
			);
			runOnlyForDeploymentPostprocessing = 0;
		};
/* End PBXResourcesBuildPhase section */

/* Begin PBXShellScriptBuildPhase section */
		BBE01E8358FA780B4704E345 /* [CP] Check Pods Manifest.lock */ = {
			isa = PBXShellScriptBuildPhase;
			buildActionMask = 2147483647;
			files = (
			);
			inputFileListPaths = (
			);
			inputPaths = (
				"${PODS_PODFILE_DIR_PATH}/Podfile.lock",
				"${PODS_ROOT}/Manifest.lock",
			);
			name = "[CP] Check Pods Manifest.lock";
			outputFileListPaths = (
			);
			outputPaths = (
				"$(DERIVED_FILE_DIR)/Pods-ios_example-checkManifestLockResult.txt",
			);
			runOnlyForDeploymentPostprocessing = 0;
			shellPath = /bin/sh;
			shellScript = "diff \"${PODS_PODFILE_DIR_PATH}/Podfile.lock\" \"${PODS_ROOT}/Manifest.lock\" > /dev/null\nif [ $? != 0 ] ; then\n    # print error to STDERR\n    echo \"error: The sandbox is not in sync with the Podfile.lock. Run 'pod install' or update your CocoaPods installation.\" >&2\n    exit 1\nfi\n# This output is used by Xcode 'outputs' to avoid re-running this script phase.\necho \"SUCCESS\" > \"${SCRIPT_OUTPUT_FILE_0}\"\n";
			showEnvVarsInLog = 0;
		};
/* End PBXShellScriptBuildPhase section */

/* Begin PBXSourcesBuildPhase section */
		F89AEF7C24F57A6B00CF5F57 /* Sources */ = {
			isa = PBXSourcesBuildPhase;
			buildActionMask = 2147483647;
			files = (
				F89AEF8424F57A6B00CF5F57 /* AppDelegate.swift in Sources */,
				7A60D1052559571C00357B6D /* KeyboardAvoidingView.swift in Sources */,
				7A0B544525554CB300718C05 /* App.swift in Sources */,
				7A0B54412555135300718C05 /* ContentView.swift in Sources */,
				77E1D5EC2836353900C2D78B /* ColorScheme.swift in Sources */,
				7A0B543F255512F800718C05 /* SceneDelegate.swift in Sources */,
			);
			runOnlyForDeploymentPostprocessing = 0;
		};
/* End PBXSourcesBuildPhase section */

/* Begin PBXVariantGroup section */
		F89AEF8E24F57A6C00CF5F57 /* LaunchScreen.storyboard */ = {
			isa = PBXVariantGroup;
			children = (
				F89AEF8F24F57A6C00CF5F57 /* Base */,
			);
			name = LaunchScreen.storyboard;
			sourceTree = "<group>";
		};
/* End PBXVariantGroup section */

/* Begin XCBuildConfiguration section */
		F89AEF9224F57A6C00CF5F57 /* Debug */ = {
			isa = XCBuildConfiguration;
			buildSettings = {
				ALWAYS_SEARCH_USER_PATHS = NO;
				CLANG_ANALYZER_NONNULL = YES;
				CLANG_ANALYZER_NUMBER_OBJECT_CONVERSION = YES_AGGRESSIVE;
				CLANG_CXX_LANGUAGE_STANDARD = "gnu++14";
				CLANG_CXX_LIBRARY = "libc++";
				CLANG_ENABLE_MODULES = YES;
				CLANG_ENABLE_OBJC_ARC = YES;
				CLANG_ENABLE_OBJC_WEAK = YES;
				CLANG_WARN_BLOCK_CAPTURE_AUTORELEASING = YES;
				CLANG_WARN_BOOL_CONVERSION = YES;
				CLANG_WARN_COMMA = YES;
				CLANG_WARN_CONSTANT_CONVERSION = YES;
				CLANG_WARN_DEPRECATED_OBJC_IMPLEMENTATIONS = YES;
				CLANG_WARN_DIRECT_OBJC_ISA_USAGE = YES_ERROR;
				CLANG_WARN_DOCUMENTATION_COMMENTS = YES;
				CLANG_WARN_EMPTY_BODY = YES;
				CLANG_WARN_ENUM_CONVERSION = YES;
				CLANG_WARN_INFINITE_RECURSION = YES;
				CLANG_WARN_INT_CONVERSION = YES;
				CLANG_WARN_NON_LITERAL_NULL_CONVERSION = YES;
				CLANG_WARN_OBJC_IMPLICIT_RETAIN_SELF = YES;
				CLANG_WARN_OBJC_LITERAL_CONVERSION = YES;
				CLANG_WARN_OBJC_ROOT_CLASS = YES_ERROR;
				CLANG_WARN_RANGE_LOOP_ANALYSIS = YES;
				CLANG_WARN_STRICT_PROTOTYPES = YES;
				CLANG_WARN_SUSPICIOUS_MOVE = YES;
				CLANG_WARN_UNGUARDED_AVAILABILITY = YES_AGGRESSIVE;
				CLANG_WARN_UNREACHABLE_CODE = YES;
				CLANG_WARN__DUPLICATE_METHOD_MATCH = YES;
				COPY_PHASE_STRIP = NO;
				DEBUG_INFORMATION_FORMAT = dwarf;
				ENABLE_STRICT_OBJC_MSGSEND = YES;
				ENABLE_TESTABILITY = YES;
				GCC_C_LANGUAGE_STANDARD = gnu11;
				GCC_DYNAMIC_NO_PIC = NO;
				GCC_NO_COMMON_BLOCKS = YES;
				GCC_OPTIMIZATION_LEVEL = 0;
				GCC_PREPROCESSOR_DEFINITIONS = (
					"DEBUG=1",
					"$(inherited)",
				);
				GCC_WARN_64_TO_32_BIT_CONVERSION = YES;
				GCC_WARN_ABOUT_RETURN_TYPE = YES_ERROR;
				GCC_WARN_UNDECLARED_SELECTOR = YES;
				GCC_WARN_UNINITIALIZED_AUTOS = YES_AGGRESSIVE;
				GCC_WARN_UNUSED_FUNCTION = YES;
				GCC_WARN_UNUSED_VARIABLE = YES;
				IPHONEOS_DEPLOYMENT_TARGET = 11.0;
				MTL_ENABLE_DEBUG_INFO = INCLUDE_SOURCE;
				MTL_FAST_MATH = YES;
				ONLY_ACTIVE_ARCH = YES;
				SDKROOT = iphoneos;
				SWIFT_ACTIVE_COMPILATION_CONDITIONS = DEBUG;
				SWIFT_OPTIMIZATION_LEVEL = "-Onone";
			};
			name = Debug;
		};
		F89AEF9324F57A6C00CF5F57 /* Release */ = {
			isa = XCBuildConfiguration;
			buildSettings = {
				ALWAYS_SEARCH_USER_PATHS = NO;
				CLANG_ANALYZER_NONNULL = YES;
				CLANG_ANALYZER_NUMBER_OBJECT_CONVERSION = YES_AGGRESSIVE;
				CLANG_CXX_LANGUAGE_STANDARD = "gnu++14";
				CLANG_CXX_LIBRARY = "libc++";
				CLANG_ENABLE_MODULES = YES;
				CLANG_ENABLE_OBJC_ARC = YES;
				CLANG_ENABLE_OBJC_WEAK = YES;
				CLANG_WARN_BLOCK_CAPTURE_AUTORELEASING = YES;
				CLANG_WARN_BOOL_CONVERSION = YES;
				CLANG_WARN_COMMA = YES;
				CLANG_WARN_CONSTANT_CONVERSION = YES;
				CLANG_WARN_DEPRECATED_OBJC_IMPLEMENTATIONS = YES;
				CLANG_WARN_DIRECT_OBJC_ISA_USAGE = YES_ERROR;
				CLANG_WARN_DOCUMENTATION_COMMENTS = YES;
				CLANG_WARN_EMPTY_BODY = YES;
				CLANG_WARN_ENUM_CONVERSION = YES;
				CLANG_WARN_INFINITE_RECURSION = YES;
				CLANG_WARN_INT_CONVERSION = YES;
				CLANG_WARN_NON_LITERAL_NULL_CONVERSION = YES;
				CLANG_WARN_OBJC_IMPLICIT_RETAIN_SELF = YES;
				CLANG_WARN_OBJC_LITERAL_CONVERSION = YES;
				CLANG_WARN_OBJC_ROOT_CLASS = YES_ERROR;
				CLANG_WARN_RANGE_LOOP_ANALYSIS = YES;
				CLANG_WARN_STRICT_PROTOTYPES = YES;
				CLANG_WARN_SUSPICIOUS_MOVE = YES;
				CLANG_WARN_UNGUARDED_AVAILABILITY = YES_AGGRESSIVE;
				CLANG_WARN_UNREACHABLE_CODE = YES;
				CLANG_WARN__DUPLICATE_METHOD_MATCH = YES;
				COPY_PHASE_STRIP = NO;
				DEBUG_INFORMATION_FORMAT = "dwarf-with-dsym";
				ENABLE_NS_ASSERTIONS = NO;
				ENABLE_STRICT_OBJC_MSGSEND = YES;
				GCC_C_LANGUAGE_STANDARD = gnu11;
				GCC_NO_COMMON_BLOCKS = YES;
				GCC_WARN_64_TO_32_BIT_CONVERSION = YES;
				GCC_WARN_ABOUT_RETURN_TYPE = YES_ERROR;
				GCC_WARN_UNDECLARED_SELECTOR = YES;
				GCC_WARN_UNINITIALIZED_AUTOS = YES_AGGRESSIVE;
				GCC_WARN_UNUSED_FUNCTION = YES;
				GCC_WARN_UNUSED_VARIABLE = YES;
				IPHONEOS_DEPLOYMENT_TARGET = 11.0;
				MTL_ENABLE_DEBUG_INFO = NO;
				MTL_FAST_MATH = YES;
				SDKROOT = iphoneos;
				SWIFT_COMPILATION_MODE = wholemodule;
				SWIFT_OPTIMIZATION_LEVEL = "-O";
				VALIDATE_PRODUCT = YES;
			};
			name = Release;
		};
		F89AEF9524F57A6C00CF5F57 /* Debug */ = {
			isa = XCBuildConfiguration;
			baseConfigurationReference = 80C812C632281CE6A9C785F1 /* Pods-ios_example.debug.xcconfig */;
			buildSettings = {
				ASSETCATALOG_COMPILER_APPICON_NAME = AppIcon;
				CODE_SIGN_ENTITLEMENTS = ios_example/ios_example.entitlements;
				CODE_SIGN_IDENTITY = "iPhone Developer";
				CODE_SIGN_STYLE = Manual;
				DEVELOPMENT_TEAM = E2F6KNYMR6;
				"EXCLUDED_ARCHS[sdk=iphonesimulator*]" = arm64;
				INFOPLIST_FILE = ios_example/Info.plist;
				IPHONEOS_DEPLOYMENT_TARGET = 13.0;
				LD_RUNPATH_SEARCH_PATHS = (
					"$(inherited)",
					"@executable_path/Frameworks",
				);
				OTHER_LDFLAGS = (
					"$(inherited)",
					"-ObjC",
					"-l\"WeChatSDK\"",
					"-l\"c++\"",
					"-l\"sqlite3.0\"",
					"-l\"z\"",
					"-framework",
					"\"CoreGraphics\"",
					"-framework",
					"\"Security\"",
					"-framework",
					"\"UIKit\"",
					"-framework",
					"\"WebKit\"",
					"-ObjC",
					"-all_load",
				);
				PRODUCT_BUNDLE_IDENTIFIER = com.authgear.exampleapp.ios;
				PRODUCT_NAME = "$(TARGET_NAME)";
				PROVISIONING_PROFILE_SPECIFIER = "Authgear demo app iOS development";
				SWIFT_OBJC_BRIDGING_HEADER = "ios_example/WechatOpenSDK-Bridging-Header.h";
				SWIFT_VERSION = 5.0;
				TARGETED_DEVICE_FAMILY = "1,2";
			};
			name = Debug;
		};
		F89AEF9624F57A6C00CF5F57 /* Release */ = {
			isa = XCBuildConfiguration;
			baseConfigurationReference = 0BF7FAA64028E5C1E5B4FFD9 /* Pods-ios_example.release.xcconfig */;
			buildSettings = {
				ASSETCATALOG_COMPILER_APPICON_NAME = AppIcon;
				CODE_SIGN_ENTITLEMENTS = ios_example/ios_example.entitlements;
				CODE_SIGN_IDENTITY = "iPhone Distribution";
				CODE_SIGN_STYLE = Manual;
				DEVELOPMENT_TEAM = E2F6KNYMR6;
				INFOPLIST_FILE = ios_example/Info.plist;
				IPHONEOS_DEPLOYMENT_TARGET = 13.0;
				LD_RUNPATH_SEARCH_PATHS = (
					"$(inherited)",
					"@executable_path/Frameworks",
				);
				OTHER_LDFLAGS = (
					"$(inherited)",
					"-ObjC",
					"-l\"WeChatSDK\"",
					"-l\"c++\"",
					"-l\"sqlite3.0\"",
					"-l\"z\"",
					"-framework",
					"\"CoreGraphics\"",
					"-framework",
					"\"Security\"",
					"-framework",
					"\"UIKit\"",
					"-framework",
					"\"WebKit\"",
					"-ObjC",
					"-all_load",
				);
				PRODUCT_BUNDLE_IDENTIFIER = com.authgear.exampleapp.ios;
				PRODUCT_NAME = "$(TARGET_NAME)";
				PROVISIONING_PROFILE_SPECIFIER = "Authgear demo app iOS";
				SWIFT_OBJC_BRIDGING_HEADER = "ios_example/WechatOpenSDK-Bridging-Header.h";
				SWIFT_VERSION = 5.0;
				TARGETED_DEVICE_FAMILY = "1,2";
			};
			name = Release;
		};
/* End XCBuildConfiguration section */

/* Begin XCConfigurationList section */
		F89AEF7B24F57A6B00CF5F57 /* Build configuration list for PBXProject "ios_example" */ = {
			isa = XCConfigurationList;
			buildConfigurations = (
				F89AEF9224F57A6C00CF5F57 /* Debug */,
				F89AEF9324F57A6C00CF5F57 /* Release */,
			);
			defaultConfigurationIsVisible = 0;
			defaultConfigurationName = Release;
		};
		F89AEF9424F57A6C00CF5F57 /* Build configuration list for PBXNativeTarget "ios_example" */ = {
			isa = XCConfigurationList;
			buildConfigurations = (
				F89AEF9524F57A6C00CF5F57 /* Debug */,
				F89AEF9624F57A6C00CF5F57 /* Release */,
			);
			defaultConfigurationIsVisible = 0;
			defaultConfigurationName = Release;
		};
/* End XCConfigurationList section */
	};
	rootObject = F89AEF7824F57A6B00CF5F57 /* Project object */;
}
